
Microsoft Visual Studio Solution File, Format Version 12.00
# Visual Studio 15
VisualStudioVersion = 15.0.27703.2035
MinimumVisualStudioVersion = 10.0.40219.1
Project("{8BC9CEB8-8B4A-11D0-8D11-00A0C91BC942}") = "VideoImageResizer", "VideoImageResizer\VideoImageResizer.vcxproj", "{B8CDCBAC-44CD-4FE5-B3EC-DAD665C747F4}"
EndProject
Global
	GlobalSection(SolutionConfigurationPlatforms) = preSolution
		Debug|ARM = Debug|ARM
		Debug|x64 = Debug|x64
		Debug|x86 = Debug|x86
		Release|ARM = Release|ARM
		Release|x64 = Release|x64
		Release|x86 = Release|x86
	EndGlobalSection
	GlobalSection(ProjectConfigurationPlatforms) = postSolution
		{B8CDCBAC-44CD-4FE5-B3EC-DAD665C747F4}.Debug|ARM.ActiveCfg = Debug|ARM
		{B8CDCBAC-44CD-4FE5-B3EC-DAD665C747F4}.Debug|ARM.Build.0 = Debug|ARM
		{B8CDCBAC-44CD-4FE5-B3EC-DAD665C747F4}.Debug|x64.ActiveCfg = Debug|x64
		{B8CDCBAC-44CD-4FE5-B3EC-DAD665C747F4}.Debug|x64.Build.0 = Debug|x64
		{B8CDCBAC-44CD-4FE5-B3EC-DAD665C747F4}.Debug|x86.ActiveCfg = Debug|x86
		{B8CDCBAC-44CD-4FE5-B3EC-DAD665C747F4}.Debug|x86.Build.0 = Debug|x86
		{B8CDCBAC-44CD-4FE5-B3EC-DAD665C747F4}.Release|ARM.ActiveCfg = Release|ARM
		{B8CDCBAC-44CD-4FE5-B3EC-DAD665C747F4}.Release|ARM.Build.0 = Release|ARM
		{B8CDCBAC-44CD-4FE5-B3EC-DAD665C747F4}.Release|x64.ActiveCfg = Release|x64
		{B8CDCBAC-44CD-4FE5-B3EC-DAD665C747F4}.Release|x64.Build.0 = Release|x64
		{B8CDCBAC-44CD-4FE5-B3EC-DAD665C747F4}.Release|x86.ActiveCfg = Release|x86
		{B8CDCBAC-44CD-4FE5-B3EC-DAD665C747F4}.Release|x86.Build.0 = Release|x86
	EndGlobalSection
	GlobalSection(SolutionProperties) = preSolution
		HideSolutionNode = FALSE
	EndGlobalSection
	GlobalSection(ExtensibilityGlobals) = postSolution
		SolutionGuid = {4CCD77F0-AB3F-4CAD-8D44-C8E0A812BEC0}
	EndGlobalSection
EndGlobal
